
Microsoft Visual Studio Solution File, Format Version 12.00
# Visual Studio 2012
Project("{FAE04EC0-301F-11D3-BF4B-00C04F79EFBC}") = "Semver", "Semver\Semver.csproj", "{95B2542C-E371-4AB4-9E2D-B2665CBBD629}"
EndProject
Project("{FAE04EC0-301F-11D3-BF4B-00C04F79EFBC}") = "Semver.Test", "Semver.Test\Semver.Test.csproj", "{EAE17B6B-5380-4017-8046-1757EB77DF53}"
EndProject
Project("{2150E333-8FDC-42A3-9474-1A3956D46DE8}") = "Solution Items", "Solution Items", "{AC069663-5FE9-438A-A9F4-C5293D695D98}"
	ProjectSection(SolutionItems) = preProject
		License.txt = License.txt
		Package.nuspec = Package.nuspec
		README.md = README.md
	EndProjectSection
EndProject
Global
	GlobalSection(SolutionConfigurationPlatforms) = preSolution
		Debug|Any CPU = Debug|Any CPU
		Release|Any CPU = Release|Any CPU
	EndGlobalSection
	GlobalSection(ProjectConfigurationPlatforms) = postSolution
		{95B2542C-E371-4AB4-9E2D-B2665CBBD629}.Debug|Any CPU.ActiveCfg = Debug|Any CPU
		{95B2542C-E371-4AB4-9E2D-B2665CBBD629}.Debug|Any CPU.Build.0 = Debug|Any CPU
		{95B2542C-E371-4AB4-9E2D-B2665CBBD629}.Release|Any CPU.ActiveCfg = Release|Any CPU
		{95B2542C-E371-4AB4-9E2D-B2665CBBD629}.Release|Any CPU.Build.0 = Release|Any CPU
		{EAE17B6B-5380-4017-8046-1757EB77DF53}.Debug|Any CPU.ActiveCfg = Debug|Any CPU
		{EAE17B6B-5380-4017-8046-1757EB77DF53}.Debug|Any CPU.Build.0 = Debug|Any CPU
		{EAE17B6B-5380-4017-8046-1757EB77DF53}.Release|Any CPU.ActiveCfg = Release|Any CPU
		{EAE17B6B-5380-4017-8046-1757EB77DF53}.Release|Any CPU.Build.0 = Release|Any CPU
	EndGlobalSection
	GlobalSection(SolutionProperties) = preSolution
		HideSolutionNode = FALSE
	EndGlobalSection
EndGlobal
